
Microsoft Visual Studio Solution File, Format Version 12.00
# Visual Studio Version 16
VisualStudioVersion = 16.0.31613.86
MinimumVisualStudioVersion = 10.0.40219.1
Project("{FAE04EC0-301F-11D3-BF4B-00C04F79EFBC}") = "MvcOnlineTicariOtomasyon", "MvcOnlineTicariOtomasyon\MvcOnlineTicariOtomasyon.csproj", "{80FE09C7-E496-4EF0-B95D-4375FB88E507}"
EndProject
Global
	GlobalSection(SolutionConfigurationPlatforms) = preSolution
		Debug|Any CPU = Debug|Any CPU
		Debug|x86 = Debug|x86
		Release|Any CPU = Release|Any CPU
		Release|x86 = Release|x86
	EndGlobalSection
	GlobalSection(ProjectConfigurationPlatforms) = postSolution
		{80FE09C7-E496-4EF0-B95D-4375FB88E507}.Debug|Any CPU.ActiveCfg = Debug|Any CPU
		{80FE09C7-E496-4EF0-B95D-4375FB88E507}.Debug|Any CPU.Build.0 = Debug|Any CPU
		{80FE09C7-E496-4EF0-B95D-4375FB88E507}.Debug|x86.ActiveCfg = Debug|x86
		{80FE09C7-E496-4EF0-B95D-4375FB88E507}.Debug|x86.Build.0 = Debug|x86
		{80FE09C7-E496-4EF0-B95D-4375FB88E507}.Release|Any CPU.ActiveCfg = Release|Any CPU
		{80FE09C7-E496-4EF0-B95D-4375FB88E507}.Release|Any CPU.Build.0 = Release|Any CPU
		{80FE09C7-E496-4EF0-B95D-4375FB88E507}.Release|x86.ActiveCfg = Release|x86
		{80FE09C7-E496-4EF0-B95D-4375FB88E507}.Release|x86.Build.0 = Release|x86
	EndGlobalSection
	GlobalSection(SolutionProperties) = preSolution
		HideSolutionNode = FALSE
	EndGlobalSection
	GlobalSection(ExtensibilityGlobals) = postSolution
		SolutionGuid = {F62D3CB1-EDF3-4DC3-9F0F-3D744FF80845}
	EndGlobalSection
EndGlobal
